
Microsoft Visual Studio Solution File, Format Version 12.00
# Visual Studio Version 16
VisualStudioVersion = 16.0.29613.14
MinimumVisualStudioVersion = 10.0.40219.1
Project("{FAE04EC0-301F-11D3-BF4B-00C04F79EFBC}") = "AgroganaderaMiFincaGui", "AgroganaderaMiFincaGui.csproj", "{5F99C2BB-6668-41A3-933D-BD99B51BC695}"
EndProject
Global
	GlobalSection(SolutionConfigurationPlatforms) = preSolution
		Debug|Any CPU = Debug|Any CPU
		Release|Any CPU = Release|Any CPU
	EndGlobalSection
	GlobalSection(ProjectConfigurationPlatforms) = postSolution
		{5F99C2BB-6668-41A3-933D-BD99B51BC695}.Debug|Any CPU.ActiveCfg = Debug|Any CPU
		{5F99C2BB-6668-41A3-933D-BD99B51BC695}.Debug|Any CPU.Build.0 = Debug|Any CPU
		{5F99C2BB-6668-41A3-933D-BD99B51BC695}.Release|Any CPU.ActiveCfg = Release|Any CPU
		{5F99C2BB-6668-41A3-933D-BD99B51BC695}.Release|Any CPU.Build.0 = Release|Any CPU
	EndGlobalSection
	GlobalSection(SolutionProperties) = preSolution
		HideSolutionNode = FALSE
	EndGlobalSection
	GlobalSection(ExtensibilityGlobals) = postSolution
		SolutionGuid = {FECEBBD6-EE53-46E3-B005-7FC25DE582A3}
	EndGlobalSection
EndGlobal
